// !$*UTF8*$!
{
	archiveVersion = 1;
	classes = {
	};
	objectVersion = 50;
	objects = {

/* Begin PBXBuildFile section */
		C36810D0222CF8C700454EE7 /* AppDelegate.swift in Sources */ = {isa = PBXBuildFile; fileRef = C36810CF222CF8C700454EE7 /* AppDelegate.swift */; };
		C36810D2222CF8C700454EE7 /* TodoListViewController.swift in Sources */ = {isa = PBXBuildFile; fileRef = C36810D1222CF8C700454EE7 /* TodoListViewController.swift */; };
		C36810D5222CF8C700454EE7 /* Main.storyboard in Resources */ = {isa = PBXBuildFile; fileRef = C36810D3222CF8C700454EE7 /* Main.storyboard */; };
		C36810D7222CF8C800454EE7 /* Assets.xcassets in Resources */ = {isa = PBXBuildFile; fileRef = C36810D6222CF8C800454EE7 /* Assets.xcassets */; };
		C36810DA222CF8C800454EE7 /* LaunchScreen.storyboard in Resources */ = {isa = PBXBuildFile; fileRef = C36810D8222CF8C800454EE7 /* LaunchScreen.storyboard */; };
		C39283282234D77000C2EE14 /* CategoryViewController.swift in Sources */ = {isa = PBXBuildFile; fileRef = C39283272234D77000C2EE14 /* CategoryViewController.swift */; };
		C3EC5342223BE354005F964C /* RealmSwift.framework in Frameworks */ = {isa = PBXBuildFile; fileRef = C3EC5340223BE351005F964C /* RealmSwift.framework */; };
		C3EC5343223BE354005F964C /* Realm.framework in Frameworks */ = {isa = PBXBuildFile; fileRef = C3EC5341223BE354005F964C /* Realm.framework */; };
		C3EC5344223BE39C005F964C /* Realm.framework in Frameworks */ = {isa = PBXBuildFile; fileRef = C3EC5341223BE354005F964C /* Realm.framework */; };
		C3EC5345223BE39C005F964C /* Realm.framework in Embed Frameworks */ = {isa = PBXBuildFile; fileRef = C3EC5341223BE354005F964C /* Realm.framework */; settings = {ATTRIBUTES = (CodeSignOnCopy, RemoveHeadersOnCopy, ); }; };
		C3EC5346223BE39C005F964C /* RealmSwift.framework in Frameworks */ = {isa = PBXBuildFile; fileRef = C3EC5340223BE351005F964C /* RealmSwift.framework */; };
		C3EC5347223BE39C005F964C /* RealmSwift.framework in Embed Frameworks */ = {isa = PBXBuildFile; fileRef = C3EC5340223BE351005F964C /* RealmSwift.framework */; settings = {ATTRIBUTES = (CodeSignOnCopy, RemoveHeadersOnCopy, ); }; };
		C3EC534D223BEEB4005F964C /* Item.swift in Sources */ = {isa = PBXBuildFile; fileRef = C3EC534C223BEEB4005F964C /* Item.swift */; };
		C3EC534F223BEED2005F964C /* Category.swift in Sources */ = {isa = PBXBuildFile; fileRef = C3EC534E223BEED2005F964C /* Category.swift */; };
		C3F129BF223CCFE9006E48AD /* SwipeTableViewController.swift in Sources */ = {isa = PBXBuildFile; fileRef = C3F129BE223CCFE9006E48AD /* SwipeTableViewController.swift */; };
		D2BDBC2A07F172C8B5700DDD /* Pods_Todoey.framework in Frameworks */ = {isa = PBXBuildFile; fileRef = 3F3BF07B96C883F52390EE56 /* Pods_Todoey.framework */; };
/* End PBXBuildFile section */

/* Begin PBXCopyFilesBuildPhase section */
		C3EC5348223BE39C005F964C /* Embed Frameworks */ = {
			isa = PBXCopyFilesBuildPhase;
			buildActionMask = 2147483647;
			dstPath = "";
			dstSubfolderSpec = 10;
			files = (
				C3EC5347223BE39C005F964C /* RealmSwift.framework in Embed Frameworks */,
				C3EC5345223BE39C005F964C /* Realm.framework in Embed Frameworks */,
			);
			name = "Embed Frameworks";
			runOnlyForDeploymentPostprocessing = 0;
		};
/* End PBXCopyFilesBuildPhase section */

/* Begin PBXFileReference section */
		39EB3F9C2BFB458E3A4D8902 /* Pods-Todoey.release.xcconfig */ = {isa = PBXFileReference; includeInIndex = 1; lastKnownFileType = text.xcconfig; name = "Pods-Todoey.release.xcconfig"; path = "Pods/Target Support Files/Pods-Todoey/Pods-Todoey.release.xcconfig"; sourceTree = "<group>"; };
		3F3BF07B96C883F52390EE56 /* Pods_Todoey.framework */ = {isa = PBXFileReference; explicitFileType = wrapper.framework; includeInIndex = 0; path = Pods_Todoey.framework; sourceTree = BUILT_PRODUCTS_DIR; };
		5436C4BA150CF8E6979E2564 /* Pods-Todoey.debug.xcconfig */ = {isa = PBXFileReference; includeInIndex = 1; lastKnownFileType = text.xcconfig; name = "Pods-Todoey.debug.xcconfig"; path = "Pods/Target Support Files/Pods-Todoey/Pods-Todoey.debug.xcconfig"; sourceTree = "<group>"; };
		C36810CC222CF8C700454EE7 /* Todoey.app */ = {isa = PBXFileReference; explicitFileType = wrapper.application; includeInIndex = 0; path = Todoey.app; sourceTree = BUILT_PRODUCTS_DIR; };
		C36810CF222CF8C700454EE7 /* AppDelegate.swift */ = {isa = PBXFileReference; lastKnownFileType = sourcecode.swift; path = AppDelegate.swift; sourceTree = "<group>"; };
		C36810D1222CF8C700454EE7 /* TodoListViewController.swift */ = {isa = PBXFileReference; lastKnownFileType = sourcecode.swift; path = TodoListViewController.swift; sourceTree = "<group>"; };
		C36810D4222CF8C700454EE7 /* Base */ = {isa = PBXFileReference; lastKnownFileType = file.storyboard; name = Base; path = Base.lproj/Main.storyboard; sourceTree = "<group>"; };
		C36810D6222CF8C800454EE7 /* Assets.xcassets */ = {isa = PBXFileReference; lastKnownFileType = folder.assetcatalog; path = Assets.xcassets; sourceTree = "<group>"; };
		C36810D9222CF8C800454EE7 /* Base */ = {isa = PBXFileReference; lastKnownFileType = file.storyboard; name = Base; path = Base.lproj/LaunchScreen.storyboard; sourceTree = "<group>"; };
		C36810DB222CF8C800454EE7 /* Info.plist */ = {isa = PBXFileReference; lastKnownFileType = text.plist.xml; path = Info.plist; sourceTree = "<group>"; };
		C39283272234D77000C2EE14 /* CategoryViewController.swift */ = {isa = PBXFileReference; lastKnownFileType = sourcecode.swift; path = CategoryViewController.swift; sourceTree = "<group>"; };
		C3EC5340223BE351005F964C /* RealmSwift.framework */ = {isa = PBXFileReference; lastKnownFileType = wrapper.framework; path = RealmSwift.framework; sourceTree = "<group>"; };
		C3EC5341223BE354005F964C /* Realm.framework */ = {isa = PBXFileReference; lastKnownFileType = wrapper.framework; path = Realm.framework; sourceTree = "<group>"; };
		C3EC534C223BEEB4005F964C /* Item.swift */ = {isa = PBXFileReference; lastKnownFileType = sourcecode.swift; path = Item.swift; sourceTree = "<group>"; };
		C3EC534E223BEED2005F964C /* Category.swift */ = {isa = PBXFileReference; lastKnownFileType = sourcecode.swift; path = Category.swift; sourceTree = "<group>"; };
		C3F129BE223CCFE9006E48AD /* SwipeTableViewController.swift */ = {isa = PBXFileReference; lastKnownFileType = sourcecode.swift; path = SwipeTableViewController.swift; sourceTree = "<group>"; };
/* End PBXFileReference section */

/* Begin PBXFrameworksBuildPhase section */
		C36810C9222CF8C700454EE7 /* Frameworks */ = {
			isa = PBXFrameworksBuildPhase;
			buildActionMask = 2147483647;
			files = (
				C3EC5344223BE39C005F964C /* Realm.framework in Frameworks */,
				C3EC5343223BE354005F964C /* Realm.framework in Frameworks */,
				C3EC5346223BE39C005F964C /* RealmSwift.framework in Frameworks */,
				C3EC5342223BE354005F964C /* RealmSwift.framework in Frameworks */,
				D2BDBC2A07F172C8B5700DDD /* Pods_Todoey.framework in Frameworks */,
			);
			runOnlyForDeploymentPostprocessing = 0;
		};
/* End PBXFrameworksBuildPhase section */

/* Begin PBXGroup section */
		2A73DEA7ED16FCCA3253B4F2 /* Frameworks */ = {
			isa = PBXGroup;
			children = (
				3F3BF07B96C883F52390EE56 /* Pods_Todoey.framework */,
			);
			name = Frameworks;
			sourceTree = "<group>";
		};
		C313569A222D30C000C320F1 /* Data Model */ = {
			isa = PBXGroup;
			children = (
				C3EC534E223BEED2005F964C /* Category.swift */,
				C3EC534C223BEEB4005F964C /* Item.swift */,
			);
			path = "Data Model";
			sourceTree = "<group>";
		};
		C313569B222D30DF00C320F1 /* Controllers */ = {
			isa = PBXGroup;
			children = (
				C39283272234D77000C2EE14 /* CategoryViewController.swift */,
				C36810D1222CF8C700454EE7 /* TodoListViewController.swift */,
				C3F129BE223CCFE9006E48AD /* SwipeTableViewController.swift */,
			);
			path = Controllers;
			sourceTree = "<group>";
		};
		C313569C222D310000C320F1 /* views */ = {
			isa = PBXGroup;
			children = (
				C36810D3222CF8C700454EE7 /* Main.storyboard */,
			);
			path = views;
			sourceTree = "<group>";
		};
		C313569D222D313F00C320F1 /* Supporting Files */ = {
			isa = PBXGroup;
			children = (
				C36810D6222CF8C800454EE7 /* Assets.xcassets */,
				C36810D8222CF8C800454EE7 /* LaunchScreen.storyboard */,
			);
			path = "Supporting Files";
			sourceTree = "<group>";
		};
		C36810C3222CF8C700454EE7 = {
			isa = PBXGroup;
			children = (
				C36810CE222CF8C700454EE7 /* Todoey */,
				C36810CD222CF8C700454EE7 /* Products */,
				F707F44A5F8D88C9F2F1C829 /* Pods */,
				2A73DEA7ED16FCCA3253B4F2 /* Frameworks */,
			);
			sourceTree = "<group>";
		};
		C36810CD222CF8C700454EE7 /* Products */ = {
			isa = PBXGroup;
			children = (
				C36810CC222CF8C700454EE7 /* Todoey.app */,
			);
			name = Products;
			sourceTree = "<group>";
		};
		C36810CE222CF8C700454EE7 /* Todoey */ = {
			isa = PBXGroup;
			children = (
				C36810CF222CF8C700454EE7 /* AppDelegate.swift */,
				C313569B222D30DF00C320F1 /* Controllers */,
				C313569A222D30C000C320F1 /* Data Model */,
				C313569C222D310000C320F1 /* views */,
				C313569D222D313F00C320F1 /* Supporting Files */,
				C36810DB222CF8C800454EE7 /* Info.plist */,
				C3EC5341223BE354005F964C /* Realm.framework */,
				C3EC5340223BE351005F964C /* RealmSwift.framework */,
			);
			path = Todoey;
			sourceTree = "<group>";
		};
		F707F44A5F8D88C9F2F1C829 /* Pods */ = {
			isa = PBXGroup;
			children = (
				5436C4BA150CF8E6979E2564 /* Pods-Todoey.debug.xcconfig */,
				39EB3F9C2BFB458E3A4D8902 /* Pods-Todoey.release.xcconfig */,
			);
			name = Pods;
			sourceTree = "<group>";
		};
/* End PBXGroup section */

/* Begin PBXNativeTarget section */
		C36810CB222CF8C700454EE7 /* Todoey */ = {
			isa = PBXNativeTarget;
			buildConfigurationList = C36810DE222CF8C800454EE7 /* Build configuration list for PBXNativeTarget "Todoey" */;
			buildPhases = (
				C6FDF5F1AFBBF41257CFF5EA /* [CP] Check Pods Manifest.lock */,
				C36810C8222CF8C700454EE7 /* Sources */,
				C36810C9222CF8C700454EE7 /* Frameworks */,
				C36810CA222CF8C700454EE7 /* Resources */,
				C3EC5348223BE39C005F964C /* Embed Frameworks */,
				C3EC5349223BE41F005F964C /* ShellScript */,
				B75D7C63C2C9BAF079A2690D /* [CP] Embed Pods Frameworks */,
			);
			buildRules = (
			);
			dependencies = (
			);
			name = Todoey;
			productName = Todoey;
			productReference = C36810CC222CF8C700454EE7 /* Todoey.app */;
			productType = "com.apple.product-type.application";
		};
/* End PBXNativeTarget section */

/* Begin PBXProject section */
		C36810C4222CF8C700454EE7 /* Project object */ = {
			isa = PBXProject;
			attributes = {
				LastSwiftUpdateCheck = 1010;
				LastUpgradeCheck = 1010;
				ORGANIZATIONNAME = cody;
				TargetAttributes = {
					C36810CB222CF8C700454EE7 = {
						CreatedOnToolsVersion = 10.1;
					};
				};
			};
			buildConfigurationList = C36810C7222CF8C700454EE7 /* Build configuration list for PBXProject "Todoey" */;
			compatibilityVersion = "Xcode 9.3";
			developmentRegion = en;
			hasScannedForEncodings = 0;
			knownRegions = (
				en,
				Base,
			);
			mainGroup = C36810C3222CF8C700454EE7;
			productRefGroup = C36810CD222CF8C700454EE7 /* Products */;
			projectDirPath = "";
			projectRoot = "";
			targets = (
				C36810CB222CF8C700454EE7 /* Todoey */,
			);
		};
/* End PBXProject section */

/* Begin PBXResourcesBuildPhase section */
		C36810CA222CF8C700454EE7 /* Resources */ = {
			isa = PBXResourcesBuildPhase;
			buildActionMask = 2147483647;
			files = (
				C36810DA222CF8C800454EE7 /* LaunchScreen.storyboard in Resources */,
				C36810D7222CF8C800454EE7 /* Assets.xcassets in Resources */,
				C36810D5222CF8C700454EE7 /* Main.storyboard in Resources */,
			);
			runOnlyForDeploymentPostprocessing = 0;
		};
/* End PBXResourcesBuildPhase section */

/* Begin PBXShellScriptBuildPhase section */
		B75D7C63C2C9BAF079A2690D /* [CP] Embed Pods Frameworks */ = {
			isa = PBXShellScriptBuildPhase;
			buildActionMask = 2147483647;
			files = (
			);
			inputFileListPaths = (
			);
			inputPaths = (
				"${SRCROOT}/Pods/Target Support Files/Pods-Todoey/Pods-Todoey-frameworks.sh",
				"${BUILT_PRODUCTS_DIR}/ChameleonFramework/ChameleonFramework.framework",
				"${BUILT_PRODUCTS_DIR}/SwipeCellKit/SwipeCellKit.framework",
			);
			name = "[CP] Embed Pods Frameworks";
			outputFileListPaths = (
			);
			outputPaths = (
				"${TARGET_BUILD_DIR}/${FRAMEWORKS_FOLDER_PATH}/ChameleonFramework.framework",
				"${TARGET_BUILD_DIR}/${FRAMEWORKS_FOLDER_PATH}/SwipeCellKit.framework",
			);
			runOnlyForDeploymentPostprocessing = 0;
			shellPath = /bin/sh;
			shellScript = "\"${SRCROOT}/Pods/Target Support Files/Pods-Todoey/Pods-Todoey-frameworks.sh\"\n";
			showEnvVarsInLog = 0;
		};
		C3EC5349223BE41F005F964C /* ShellScript */ = {
			isa = PBXShellScriptBuildPhase;
			buildActionMask = 2147483647;
			files = (
			);
			inputFileListPaths = (
			);
			inputPaths = (
			);
			outputFileListPaths = (
			);
			outputPaths = (
			);
			runOnlyForDeploymentPostprocessing = 0;
			shellPath = /bin/sh;
			shellScript = "bash \"${BUILT_PRODUCTS_DIR}/${FRAMEWORKS_FOLDER_PATH}/Realm.framework/strip-frameworks.sh\"\n";
		};
		C6FDF5F1AFBBF41257CFF5EA /* [CP] Check Pods Manifest.lock */ = {
			isa = PBXShellScriptBuildPhase;
			buildActionMask = 2147483647;
			files = (
			);
			inputFileListPaths = (
			);
			inputPaths = (
				"${PODS_PODFILE_DIR_PATH}/Podfile.lock",
				"${PODS_ROOT}/Manifest.lock",
			);
			name = "[CP] Check Pods Manifest.lock";
			outputFileListPaths = (
			);
			outputPaths = (
				"$(DERIVED_FILE_DIR)/Pods-Todoey-checkManifestLockResult.txt",
			);
			runOnlyForDeploymentPostprocessing = 0;
			shellPath = /bin/sh;
			shellScript = "diff \"${PODS_PODFILE_DIR_PATH}/Podfile.lock\" \"${PODS_ROOT}/Manifest.lock\" > /dev/null\nif [ $? != 0 ] ; then\n    # print error to STDERR\n    echo \"error: The sandbox is not in sync with the Podfile.lock. Run 'pod install' or update your CocoaPods installation.\" >&2\n    exit 1\nfi\n# This output is used by Xcode 'outputs' to avoid re-running this script phase.\necho \"SUCCESS\" > \"${SCRIPT_OUTPUT_FILE_0}\"\n";
			showEnvVarsInLog = 0;
		};
/* End PBXShellScriptBuildPhase section */

/* Begin PBXSourcesBuildPhase section */
		C36810C8222CF8C700454EE7 /* Sources */ = {
			isa = PBXSourcesBuildPhase;
			buildActionMask = 2147483647;
			files = (
				C3EC534D223BEEB4005F964C /* Item.swift in Sources */,
				C39283282234D77000C2EE14 /* CategoryViewController.swift in Sources */,
				C36810D2222CF8C700454EE7 /* TodoListViewController.swift in Sources */,
				C36810D0222CF8C700454EE7 /* AppDelegate.swift in Sources */,
				C3F129BF223CCFE9006E48AD /* SwipeTableViewController.swift in Sources */,
				C3EC534F223BEED2005F964C /* Category.swift in Sources */,
			);
			runOnlyForDeploymentPostprocessing = 0;
		};
/* End PBXSourcesBuildPhase section */

/* Begin PBXVariantGroup section */
		C36810D3222CF8C700454EE7 /* Main.storyboard */ = {
			isa = PBXVariantGroup;
			children = (
				C36810D4222CF8C700454EE7 /* Base */,
			);
			name = Main.storyboard;
			sourceTree = "<group>";
		};
		C36810D8222CF8C800454EE7 /* LaunchScreen.storyboard */ = {
			isa = PBXVariantGroup;
			children = (
				C36810D9222CF8C800454EE7 /* Base */,
			);
			name = LaunchScreen.storyboard;
			sourceTree = "<group>";
		};
/* End PBXVariantGroup section */

/* Begin XCBuildConfiguration section */
		C36810DC222CF8C800454EE7 /* Debug */ = {
			isa = XCBuildConfiguration;
			buildSettings = {
				ALWAYS_SEARCH_USER_PATHS = NO;
				CLANG_ANALYZER_NONNULL = YES;
				CLANG_ANALYZER_NUMBER_OBJECT_CONVERSION = YES_AGGRESSIVE;
				CLANG_CXX_LANGUAGE_STANDARD = "gnu++14";
				CLANG_CXX_LIBRARY = "libc++";
				CLANG_ENABLE_MODULES = YES;
				CLANG_ENABLE_OBJC_ARC = YES;
				CLANG_ENABLE_OBJC_WEAK = YES;
				CLANG_WARN_BLOCK_CAPTURE_AUTORELEASING = YES;
				CLANG_WARN_BOOL_CONVERSION = YES;
				CLANG_WARN_COMMA = YES;
				CLANG_WARN_CONSTANT_CONVERSION = YES;
				CLANG_WARN_DEPRECATED_OBJC_IMPLEMENTATIONS = YES;
				CLANG_WARN_DIRECT_OBJC_ISA_USAGE = YES_ERROR;
				CLANG_WARN_DOCUMENTATION_COMMENTS = YES;
				CLANG_WARN_EMPTY_BODY = YES;
				CLANG_WARN_ENUM_CONVERSION = YES;
				CLANG_WARN_INFINITE_RECURSION = YES;
				CLANG_WARN_INT_CONVERSION = YES;
				CLANG_WARN_NON_LITERAL_NULL_CONVERSION = YES;
				CLANG_WARN_OBJC_IMPLICIT_RETAIN_SELF = YES;
				CLANG_WARN_OBJC_LITERAL_CONVERSION = YES;
				CLANG_WARN_OBJC_ROOT_CLASS = YES_ERROR;
				CLANG_WARN_RANGE_LOOP_ANALYSIS = YES;
				CLANG_WARN_STRICT_PROTOTYPES = YES;
				CLANG_WARN_SUSPICIOUS_MOVE = YES;
				CLANG_WARN_UNGUARDED_AVAILABILITY = YES_AGGRESSIVE;
				CLANG_WARN_UNREACHABLE_CODE = YES;
				CLANG_WARN__DUPLICATE_METHOD_MATCH = YES;
				CODE_SIGN_IDENTITY = "iPhone Developer";
				COPY_PHASE_STRIP = NO;
				DEBUG_INFORMATION_FORMAT = dwarf;
				ENABLE_STRICT_OBJC_MSGSEND = YES;
				ENABLE_TESTABILITY = YES;
				GCC_C_LANGUAGE_STANDARD = gnu11;
				GCC_DYNAMIC_NO_PIC = NO;
				GCC_NO_COMMON_BLOCKS = YES;
				GCC_OPTIMIZATION_LEVEL = 0;
				GCC_PREPROCESSOR_DEFINITIONS = (
					"DEBUG=1",
					"$(inherited)",
				);
				GCC_WARN_64_TO_32_BIT_CONVERSION = YES;
				GCC_WARN_ABOUT_RETURN_TYPE = YES_ERROR;
				GCC_WARN_UNDECLARED_SELECTOR = YES;
				GCC_WARN_UNINITIALIZED_AUTOS = YES_AGGRESSIVE;
				GCC_WARN_UNUSED_FUNCTION = YES;
				GCC_WARN_UNUSED_VARIABLE = YES;
				IPHONEOS_DEPLOYMENT_TARGET = 12.1;
				MTL_ENABLE_DEBUG_INFO = INCLUDE_SOURCE;
				MTL_FAST_MATH = YES;
				ONLY_ACTIVE_ARCH = YES;
				SDKROOT = iphoneos;
				SWIFT_ACTIVE_COMPILATION_CONDITIONS = DEBUG;
				SWIFT_OPTIMIZATION_LEVEL = "-Onone";
			};
			name = Debug;
		};
		C36810DD222CF8C800454EE7 /* Release */ = {
			isa = XCBuildConfiguration;
			buildSettings = {
				ALWAYS_SEARCH_USER_PATHS = NO;
				CLANG_ANALYZER_NONNULL = YES;
				CLANG_ANALYZER_NUMBER_OBJECT_CONVERSION = YES_AGGRESSIVE;
				CLANG_CXX_LANGUAGE_STANDARD = "gnu++14";
				CLANG_CXX_LIBRARY = "libc++";
				CLANG_ENABLE_MODULES = YES;
				CLANG_ENABLE_OBJC_ARC = YES;
				CLANG_ENABLE_OBJC_WEAK = YES;
				CLANG_WARN_BLOCK_CAPTURE_AUTORELEASING = YES;
				CLANG_WARN_BOOL_CONVERSION = YES;
				CLANG_WARN_COMMA = YES;
				CLANG_WARN_CONSTANT_CONVERSION = YES;
				CLANG_WARN_DEPRECATED_OBJC_IMPLEMENTATIONS = YES;
				CLANG_WARN_DIRECT_OBJC_ISA_USAGE = YES_ERROR;
				CLANG_WARN_DOCUMENTATION_COMMENTS = YES;
				CLANG_WARN_EMPTY_BODY = YES;
				CLANG_WARN_ENUM_CONVERSION = YES;
				CLANG_WARN_INFINITE_RECURSION = YES;
				CLANG_WARN_INT_CONVERSION = YES;
				CLANG_WARN_NON_LITERAL_NULL_CONVERSION = YES;
				CLANG_WARN_OBJC_IMPLICIT_RETAIN_SELF = YES;
				CLANG_WARN_OBJC_LITERAL_CONVERSION = YES;
				CLANG_WARN_OBJC_ROOT_CLASS = YES_ERROR;
				CLANG_WARN_RANGE_LOOP_ANALYSIS = YES;
				CLANG_WARN_STRICT_PROTOTYPES = YES;
				CLANG_WARN_SUSPICIOUS_MOVE = YES;
				CLANG_WARN_UNGUARDED_AVAILABILITY = YES_AGGRESSIVE;
				CLANG_WARN_UNREACHABLE_CODE = YES;
				CLANG_WARN__DUPLICATE_METHOD_MATCH = YES;
				CODE_SIGN_IDENTITY = "iPhone Developer";
				COPY_PHASE_STRIP = NO;
				DEBUG_INFORMATION_FORMAT = "dwarf-with-dsym";
				ENABLE_NS_ASSERTIONS = NO;
				ENABLE_STRICT_OBJC_MSGSEND = YES;
				GCC_C_LANGUAGE_STANDARD = gnu11;
				GCC_NO_COMMON_BLOCKS = YES;
				GCC_WARN_64_TO_32_BIT_CONVERSION = YES;
				GCC_WARN_ABOUT_RETURN_TYPE = YES_ERROR;
				GCC_WARN_UNDECLARED_SELECTOR = YES;
				GCC_WARN_UNINITIALIZED_AUTOS = YES_AGGRESSIVE;
				GCC_WARN_UNUSED_FUNCTION = YES;
				GCC_WARN_UNUSED_VARIABLE = YES;
				IPHONEOS_DEPLOYMENT_TARGET = 12.1;
				MTL_ENABLE_DEBUG_INFO = NO;
				MTL_FAST_MATH = YES;
				SDKROOT = iphoneos;
				SWIFT_COMPILATION_MODE = wholemodule;
				SWIFT_OPTIMIZATION_LEVEL = "-O";
				VALIDATE_PRODUCT = YES;
			};
			name = Release;
		};
		C36810DF222CF8C800454EE7 /* Debug */ = {
			isa = XCBuildConfiguration;
			baseConfigurationReference = 5436C4BA150CF8E6979E2564 /* Pods-Todoey.debug.xcconfig */;
			buildSettings = {
				ASSETCATALOG_COMPILER_APPICON_NAME = AppIcon;
				CODE_SIGN_STYLE = Automatic;
				DEVELOPMENT_TEAM = KCPU3Z45GZ;
				FRAMEWORK_SEARCH_PATHS = (
					"$(inherited)",
					"$(PROJECT_DIR)/Todoey",
				);
				INFOPLIST_FILE = Todoey/Info.plist;
				LD_RUNPATH_SEARCH_PATHS = (
					"$(inherited)",
					"@executable_path/Frameworks",
				);
				PRODUCT_BUNDLE_IDENTIFIER = com.cody.Todoey;
				PRODUCT_NAME = "$(TARGET_NAME)";
				SWIFT_VERSION = 4.2;
				TARGETED_DEVICE_FAMILY = "1,2";
			};
			name = Debug;
		};
		C36810E0222CF8C800454EE7 /* Release */ = {
			isa = XCBuildConfiguration;
			baseConfigurationReference = 39EB3F9C2BFB458E3A4D8902 /* Pods-Todoey.release.xcconfig */;
			buildSettings = {
				ASSETCATALOG_COMPILER_APPICON_NAME = AppIcon;
				CODE_SIGN_STYLE = Automatic;
				DEVELOPMENT_TEAM = KCPU3Z45GZ;
				FRAMEWORK_SEARCH_PATHS = (
					"$(inherited)",
					"$(PROJECT_DIR)/Todoey",
				);
				INFOPLIST_FILE = Todoey/Info.plist;
				LD_RUNPATH_SEARCH_PATHS = (
					"$(inherited)",
					"@executable_path/Frameworks",
				);
				PRODUCT_BUNDLE_IDENTIFIER = com.cody.Todoey;
				PRODUCT_NAME = "$(TARGET_NAME)";
				SWIFT_VERSION = 4.2;
				TARGETED_DEVICE_FAMILY = "1,2";
			};
			name = Release;
		};
/* End XCBuildConfiguration section */

/* Begin XCConfigurationList section */
		C36810C7222CF8C700454EE7 /* Build configuration list for PBXProject "Todoey" */ = {
			isa = XCConfigurationList;
			buildConfigurations = (
				C36810DC222CF8C800454EE7 /* Debug */,
				C36810DD222CF8C800454EE7 /* Release */,
			);
			defaultConfigurationIsVisible = 0;
			defaultConfigurationName = Release;
		};
		C36810DE222CF8C800454EE7 /* Build configuration list for PBXNativeTarget "Todoey" */ = {
			isa = XCConfigurationList;
			buildConfigurations = (
				C36810DF222CF8C800454EE7 /* Debug */,
				C36810E0222CF8C800454EE7 /* Release */,
			);
			defaultConfigurationIsVisible = 0;
			defaultConfigurationName = Release;
		};
/* End XCConfigurationList section */
	};
	rootObject = C36810C4222CF8C700454EE7 /* Project object */;
}
